
Microsoft Visual Studio Solution File, Format Version 12.00
# Visual Studio Version 16
VisualStudioVersion = 16.0.29306.81
MinimumVisualStudioVersion = 10.0.40219.1
Project("{FAE04EC0-301F-11D3-BF4B-00C04F79EFBC}") = "FarmScaner", "FarmScaner\FarmScaner.csproj", "{C52A2BBB-A7EC-47DF-88F3-EC83B88F4707}"
EndProject
Global
	GlobalSection(SolutionConfigurationPlatforms) = preSolution
		Debug|Any CPU = Debug|Any CPU
		Release|Any CPU = Release|Any CPU
	EndGlobalSection
	GlobalSection(ProjectConfigurationPlatforms) = postSolution
		{C52A2BBB-A7EC-47DF-88F3-EC83B88F4707}.Debug|Any CPU.ActiveCfg = Debug|Any CPU
		{C52A2BBB-A7EC-47DF-88F3-EC83B88F4707}.Debug|Any CPU.Build.0 = Debug|Any CPU
		{C52A2BBB-A7EC-47DF-88F3-EC83B88F4707}.Debug|Any CPU.Deploy.0 = Debug|Any CPU
		{C52A2BBB-A7EC-47DF-88F3-EC83B88F4707}.Release|Any CPU.ActiveCfg = Release|Any CPU
		{C52A2BBB-A7EC-47DF-88F3-EC83B88F4707}.Release|Any CPU.Build.0 = Release|Any CPU
		{C52A2BBB-A7EC-47DF-88F3-EC83B88F4707}.Release|Any CPU.Deploy.0 = Release|Any CPU
	EndGlobalSection
	GlobalSection(SolutionProperties) = preSolution
		HideSolutionNode = FALSE
	EndGlobalSection
	GlobalSection(ExtensibilityGlobals) = postSolution
		SolutionGuid = {5D92758E-E573-4CFB-B427-26EC5E529D7C}
	EndGlobalSection
EndGlobal
